
Microsoft Visual Studio Solution File, Format Version 12.00
# Visual Studio Version 17
VisualStudioVersion = 17.1.32210.238
MinimumVisualStudioVersion = 10.0.40219.1
Project("{FAE04EC0-301F-11D3-BF4B-00C04F79EFBC}") = "Array Practice", "Array Practice\Array Practice.csproj", "{3B813F54-B32C-44C6-B300-291B4DDA6480}"
EndProject
Global
	GlobalSection(SolutionConfigurationPlatforms) = preSolution
		Debug|Any CPU = Debug|Any CPU
		Release|Any CPU = Release|Any CPU
	EndGlobalSection
	GlobalSection(ProjectConfigurationPlatforms) = postSolution
		{3B813F54-B32C-44C6-B300-291B4DDA6480}.Debug|Any CPU.ActiveCfg = Debug|Any CPU
		{3B813F54-B32C-44C6-B300-291B4DDA6480}.Debug|Any CPU.Build.0 = Debug|Any CPU
		{3B813F54-B32C-44C6-B300-291B4DDA6480}.Release|Any CPU.ActiveCfg = Release|Any CPU
		{3B813F54-B32C-44C6-B300-291B4DDA6480}.Release|Any CPU.Build.0 = Release|Any CPU
	EndGlobalSection
	GlobalSection(SolutionProperties) = preSolution
		HideSolutionNode = FALSE
	EndGlobalSection
	GlobalSection(ExtensibilityGlobals) = postSolution
		SolutionGuid = {C8B2802B-A83E-4242-8FE6-AF4D16593656}
	EndGlobalSection
EndGlobal
