
Microsoft Visual Studio Solution File, Format Version 12.00
# Visual Studio Version 17
VisualStudioVersion = 17.1.32210.238
MinimumVisualStudioVersion = 10.0.40219.1
Project("{FAE04EC0-301F-11D3-BF4B-00C04F79EFBC}") = "Read Only Property Book Example pg 289", "Read Only Property Book Example pg 289\Read Only Property Book Example pg 289.csproj", "{126D46A3-9F1B-4DC2-9733-3E71BA1CB395}"
EndProject
Global
	GlobalSection(SolutionConfigurationPlatforms) = preSolution
		Debug|Any CPU = Debug|Any CPU
		Release|Any CPU = Release|Any CPU
	EndGlobalSection
	GlobalSection(ProjectConfigurationPlatforms) = postSolution
		{126D46A3-9F1B-4DC2-9733-3E71BA1CB395}.Debug|Any CPU.ActiveCfg = Debug|Any CPU
		{126D46A3-9F1B-4DC2-9733-3E71BA1CB395}.Debug|Any CPU.Build.0 = Debug|Any CPU
		{126D46A3-9F1B-4DC2-9733-3E71BA1CB395}.Release|Any CPU.ActiveCfg = Release|Any CPU
		{126D46A3-9F1B-4DC2-9733-3E71BA1CB395}.Release|Any CPU.Build.0 = Release|Any CPU
	EndGlobalSection
	GlobalSection(SolutionProperties) = preSolution
		HideSolutionNode = FALSE
	EndGlobalSection
	GlobalSection(ExtensibilityGlobals) = postSolution
		SolutionGuid = {1F2D02AD-51C9-4352-A5DD-FA6220E5F206}
	EndGlobalSection
EndGlobal
