
Microsoft Visual Studio Solution File, Format Version 12.00
# Visual Studio 15
VisualStudioVersion = 15.0.27004.2002
MinimumVisualStudioVersion = 10.0.40219.1
Project("{FAE04EC0-301F-11D3-BF4B-00C04F79EFBC}") = "New topic Indexers book pg 305", "New topic Indexers book pg 305\New topic Indexers book pg 305.csproj", "{32350AFA-AB79-4BA9-8543-201695D88705}"
EndProject
Global
	GlobalSection(SolutionConfigurationPlatforms) = preSolution
		Debug|Any CPU = Debug|Any CPU
		Release|Any CPU = Release|Any CPU
	EndGlobalSection
	GlobalSection(ProjectConfigurationPlatforms) = postSolution
		{32350AFA-AB79-4BA9-8543-201695D88705}.Debug|Any CPU.ActiveCfg = Debug|Any CPU
		{32350AFA-AB79-4BA9-8543-201695D88705}.Debug|Any CPU.Build.0 = Debug|Any CPU
		{32350AFA-AB79-4BA9-8543-201695D88705}.Release|Any CPU.ActiveCfg = Release|Any CPU
		{32350AFA-AB79-4BA9-8543-201695D88705}.Release|Any CPU.Build.0 = Release|Any CPU
	EndGlobalSection
	GlobalSection(SolutionProperties) = preSolution
		HideSolutionNode = FALSE
	EndGlobalSection
	GlobalSection(ExtensibilityGlobals) = postSolution
		SolutionGuid = {948A3CD2-4881-4192-925A-52CE167A0198}
	EndGlobalSection
EndGlobal
