
Microsoft Visual Studio Solution File, Format Version 12.00
# Visual Studio Version 17
VisualStudioVersion = 17.1.32210.238
MinimumVisualStudioVersion = 10.0.40219.1
Project("{FAE04EC0-301F-11D3-BF4B-00C04F79EFBC}") = "Task 1 in C sharp", "Task 1 in C sharp\Task 1 in C sharp.csproj", "{62FF4B9C-E39E-4DEE-A2D8-CF727E7AA641}"
EndProject
Global
	GlobalSection(SolutionConfigurationPlatforms) = preSolution
		Debug|Any CPU = Debug|Any CPU
		Release|Any CPU = Release|Any CPU
	EndGlobalSection
	GlobalSection(ProjectConfigurationPlatforms) = postSolution
		{62FF4B9C-E39E-4DEE-A2D8-CF727E7AA641}.Debug|Any CPU.ActiveCfg = Debug|Any CPU
		{62FF4B9C-E39E-4DEE-A2D8-CF727E7AA641}.Debug|Any CPU.Build.0 = Debug|Any CPU
		{62FF4B9C-E39E-4DEE-A2D8-CF727E7AA641}.Release|Any CPU.ActiveCfg = Release|Any CPU
		{62FF4B9C-E39E-4DEE-A2D8-CF727E7AA641}.Release|Any CPU.Build.0 = Release|Any CPU
	EndGlobalSection
	GlobalSection(SolutionProperties) = preSolution
		HideSolutionNode = FALSE
	EndGlobalSection
	GlobalSection(ExtensibilityGlobals) = postSolution
		SolutionGuid = {352D49D2-C700-4712-9D81-95879EDCEACD}
	EndGlobalSection
EndGlobal
