
Microsoft Visual Studio Solution File, Format Version 12.00
# Visual Studio Version 17
VisualStudioVersion = 17.1.32210.238
MinimumVisualStudioVersion = 10.0.40219.1
Project("{FAE04EC0-301F-11D3-BF4B-00C04F79EFBC}") = "New Array in C Sharp", "New Array in C Sharp\New Array in C Sharp.csproj", "{FF076A0B-C967-4C90-BE13-F110580984DD}"
EndProject
Global
	GlobalSection(SolutionConfigurationPlatforms) = preSolution
		Debug|Any CPU = Debug|Any CPU
		Release|Any CPU = Release|Any CPU
	EndGlobalSection
	GlobalSection(ProjectConfigurationPlatforms) = postSolution
		{FF076A0B-C967-4C90-BE13-F110580984DD}.Debug|Any CPU.ActiveCfg = Debug|Any CPU
		{FF076A0B-C967-4C90-BE13-F110580984DD}.Debug|Any CPU.Build.0 = Debug|Any CPU
		{FF076A0B-C967-4C90-BE13-F110580984DD}.Release|Any CPU.ActiveCfg = Release|Any CPU
		{FF076A0B-C967-4C90-BE13-F110580984DD}.Release|Any CPU.Build.0 = Release|Any CPU
	EndGlobalSection
	GlobalSection(SolutionProperties) = preSolution
		HideSolutionNode = FALSE
	EndGlobalSection
	GlobalSection(ExtensibilityGlobals) = postSolution
		SolutionGuid = {EB20C6B7-40E6-4550-A630-66B9AB3F723C}
	EndGlobalSection
EndGlobal
