
Microsoft Visual Studio Solution File, Format Version 12.00
# Visual Studio Version 17
VisualStudioVersion = 17.2.32516.85
MinimumVisualStudioVersion = 10.0.40219.1
Project("{FAE04EC0-301F-11D3-BF4B-00C04F79EFBC}") = "calculator", "calculator\calculator.csproj", "{C86725DA-A0C3-4988-993E-EE71E3DA3ED2}"
EndProject
Global
	GlobalSection(SolutionConfigurationPlatforms) = preSolution
		Debug|Any CPU = Debug|Any CPU
		Release|Any CPU = Release|Any CPU
	EndGlobalSection
	GlobalSection(ProjectConfigurationPlatforms) = postSolution
		{C86725DA-A0C3-4988-993E-EE71E3DA3ED2}.Debug|Any CPU.ActiveCfg = Debug|Any CPU
		{C86725DA-A0C3-4988-993E-EE71E3DA3ED2}.Debug|Any CPU.Build.0 = Debug|Any CPU
		{C86725DA-A0C3-4988-993E-EE71E3DA3ED2}.Release|Any CPU.ActiveCfg = Release|Any CPU
		{C86725DA-A0C3-4988-993E-EE71E3DA3ED2}.Release|Any CPU.Build.0 = Release|Any CPU
	EndGlobalSection
	GlobalSection(SolutionProperties) = preSolution
		HideSolutionNode = FALSE
	EndGlobalSection
	GlobalSection(ExtensibilityGlobals) = postSolution
		SolutionGuid = {255F97B0-F27B-4461-8389-3234912EE7F1}
	EndGlobalSection
EndGlobal
