
Microsoft Visual Studio Solution File, Format Version 12.00
# Visual Studio Version 17
VisualStudioVersion = 17.1.32210.238
MinimumVisualStudioVersion = 10.0.40219.1
Project("{FAE04EC0-301F-11D3-BF4B-00C04F79EFBC}") = "New", "New\New.csproj", "{70E6A36E-CFB5-4A23-8725-DF5786269520}"
EndProject
Global
	GlobalSection(SolutionConfigurationPlatforms) = preSolution
		Debug|Any CPU = Debug|Any CPU
		Release|Any CPU = Release|Any CPU
	EndGlobalSection
	GlobalSection(ProjectConfigurationPlatforms) = postSolution
		{70E6A36E-CFB5-4A23-8725-DF5786269520}.Debug|Any CPU.ActiveCfg = Debug|Any CPU
		{70E6A36E-CFB5-4A23-8725-DF5786269520}.Debug|Any CPU.Build.0 = Debug|Any CPU
		{70E6A36E-CFB5-4A23-8725-DF5786269520}.Release|Any CPU.ActiveCfg = Release|Any CPU
		{70E6A36E-CFB5-4A23-8725-DF5786269520}.Release|Any CPU.Build.0 = Release|Any CPU
	EndGlobalSection
	GlobalSection(SolutionProperties) = preSolution
		HideSolutionNode = FALSE
	EndGlobalSection
	GlobalSection(ExtensibilityGlobals) = postSolution
		SolutionGuid = {1AB534CF-3C63-4B4A-82A7-A803ADBCA827}
	EndGlobalSection
EndGlobal
