
Microsoft Visual Studio Solution File, Format Version 12.00
# Visual Studio Version 17
VisualStudioVersion = 17.2.32516.85
MinimumVisualStudioVersion = 10.0.40219.1
Project("{FAE04EC0-301F-11D3-BF4B-00C04F79EFBC}") = "Another Arithmetic Operators", "Another Arithmetic Operators\Another Arithmetic Operators.csproj", "{0F89D89A-589D-412B-843D-15B1C6D9D449}"
EndProject
Global
	GlobalSection(SolutionConfigurationPlatforms) = preSolution
		Debug|Any CPU = Debug|Any CPU
		Release|Any CPU = Release|Any CPU
	EndGlobalSection
	GlobalSection(ProjectConfigurationPlatforms) = postSolution
		{0F89D89A-589D-412B-843D-15B1C6D9D449}.Debug|Any CPU.ActiveCfg = Debug|Any CPU
		{0F89D89A-589D-412B-843D-15B1C6D9D449}.Debug|Any CPU.Build.0 = Debug|Any CPU
		{0F89D89A-589D-412B-843D-15B1C6D9D449}.Release|Any CPU.ActiveCfg = Release|Any CPU
		{0F89D89A-589D-412B-843D-15B1C6D9D449}.Release|Any CPU.Build.0 = Release|Any CPU
	EndGlobalSection
	GlobalSection(SolutionProperties) = preSolution
		HideSolutionNode = FALSE
	EndGlobalSection
	GlobalSection(ExtensibilityGlobals) = postSolution
		SolutionGuid = {253E1749-320D-4843-AFF2-4010C8C3E968}
	EndGlobalSection
EndGlobal
