
Microsoft Visual Studio Solution File, Format Version 12.00
# Visual Studio Version 17
VisualStudioVersion = 17.1.32210.238
MinimumVisualStudioVersion = 10.0.40219.1
Project("{FAE04EC0-301F-11D3-BF4B-00C04F79EFBC}") = "Hirarical Inheritance", "Hirarical Inheritance\Hirarical Inheritance.csproj", "{B5767224-ABF2-48EA-815D-4EF14F778CF8}"
EndProject
Global
	GlobalSection(SolutionConfigurationPlatforms) = preSolution
		Debug|Any CPU = Debug|Any CPU
		Release|Any CPU = Release|Any CPU
	EndGlobalSection
	GlobalSection(ProjectConfigurationPlatforms) = postSolution
		{B5767224-ABF2-48EA-815D-4EF14F778CF8}.Debug|Any CPU.ActiveCfg = Debug|Any CPU
		{B5767224-ABF2-48EA-815D-4EF14F778CF8}.Debug|Any CPU.Build.0 = Debug|Any CPU
		{B5767224-ABF2-48EA-815D-4EF14F778CF8}.Release|Any CPU.ActiveCfg = Release|Any CPU
		{B5767224-ABF2-48EA-815D-4EF14F778CF8}.Release|Any CPU.Build.0 = Release|Any CPU
	EndGlobalSection
	GlobalSection(SolutionProperties) = preSolution
		HideSolutionNode = FALSE
	EndGlobalSection
	GlobalSection(ExtensibilityGlobals) = postSolution
		SolutionGuid = {878F1576-2509-488B-A06C-BFA7526519B9}
	EndGlobalSection
EndGlobal
