
Microsoft Visual Studio Solution File, Format Version 12.00
# Visual Studio Version 17
VisualStudioVersion = 17.1.32210.238
MinimumVisualStudioVersion = 10.0.40219.1
Project("{FAE04EC0-301F-11D3-BF4B-00C04F79EFBC}") = "Write Only Property book pg 290", "Write Only Property book pg 290\Write Only Property book pg 290.csproj", "{7A6BB6A2-CCBB-4AB2-B6CB-F889B11C849E}"
EndProject
Global
	GlobalSection(SolutionConfigurationPlatforms) = preSolution
		Debug|Any CPU = Debug|Any CPU
		Release|Any CPU = Release|Any CPU
	EndGlobalSection
	GlobalSection(ProjectConfigurationPlatforms) = postSolution
		{7A6BB6A2-CCBB-4AB2-B6CB-F889B11C849E}.Debug|Any CPU.ActiveCfg = Debug|Any CPU
		{7A6BB6A2-CCBB-4AB2-B6CB-F889B11C849E}.Debug|Any CPU.Build.0 = Debug|Any CPU
		{7A6BB6A2-CCBB-4AB2-B6CB-F889B11C849E}.Release|Any CPU.ActiveCfg = Release|Any CPU
		{7A6BB6A2-CCBB-4AB2-B6CB-F889B11C849E}.Release|Any CPU.Build.0 = Release|Any CPU
	EndGlobalSection
	GlobalSection(SolutionProperties) = preSolution
		HideSolutionNode = FALSE
	EndGlobalSection
	GlobalSection(ExtensibilityGlobals) = postSolution
		SolutionGuid = {171F44E1-F4E1-4C6A-8FAA-4C66C067C0FF}
	EndGlobalSection
EndGlobal
