
Microsoft Visual Studio Solution File, Format Version 12.00
# Visual Studio 15
VisualStudioVersion = 15.0.27004.2002
MinimumVisualStudioVersion = 10.0.40219.1
Project("{FAE04EC0-301F-11D3-BF4B-00C04F79EFBC}") = "Rectangular Arrays in C Sharp", "Rectangular Arrays in C Sharp\Rectangular Arrays in C Sharp.csproj", "{FBD67230-BCFA-45A9-804B-CB78AB084270}"
EndProject
Global
	GlobalSection(SolutionConfigurationPlatforms) = preSolution
		Debug|Any CPU = Debug|Any CPU
		Release|Any CPU = Release|Any CPU
	EndGlobalSection
	GlobalSection(ProjectConfigurationPlatforms) = postSolution
		{FBD67230-BCFA-45A9-804B-CB78AB084270}.Debug|Any CPU.ActiveCfg = Debug|Any CPU
		{FBD67230-BCFA-45A9-804B-CB78AB084270}.Debug|Any CPU.Build.0 = Debug|Any CPU
		{FBD67230-BCFA-45A9-804B-CB78AB084270}.Release|Any CPU.ActiveCfg = Release|Any CPU
		{FBD67230-BCFA-45A9-804B-CB78AB084270}.Release|Any CPU.Build.0 = Release|Any CPU
	EndGlobalSection
	GlobalSection(SolutionProperties) = preSolution
		HideSolutionNode = FALSE
	EndGlobalSection
	GlobalSection(ExtensibilityGlobals) = postSolution
		SolutionGuid = {2EAC50ED-4BD2-49F2-A618-47CB0E54AA28}
	EndGlobalSection
EndGlobal
