
Microsoft Visual Studio Solution File, Format Version 12.00
# Visual Studio Version 17
VisualStudioVersion = 17.1.32210.238
MinimumVisualStudioVersion = 10.0.40219.1
Project("{FAE04EC0-301F-11D3-BF4B-00C04F79EFBC}") = "Wahaj Abstract Property", "Wahaj Abstract Property\Wahaj Abstract Property.csproj", "{F38F2B48-6BAD-46D5-8F1E-A0296FB518D2}"
EndProject
Global
	GlobalSection(SolutionConfigurationPlatforms) = preSolution
		Debug|Any CPU = Debug|Any CPU
		Release|Any CPU = Release|Any CPU
	EndGlobalSection
	GlobalSection(ProjectConfigurationPlatforms) = postSolution
		{F38F2B48-6BAD-46D5-8F1E-A0296FB518D2}.Debug|Any CPU.ActiveCfg = Debug|Any CPU
		{F38F2B48-6BAD-46D5-8F1E-A0296FB518D2}.Debug|Any CPU.Build.0 = Debug|Any CPU
		{F38F2B48-6BAD-46D5-8F1E-A0296FB518D2}.Release|Any CPU.ActiveCfg = Release|Any CPU
		{F38F2B48-6BAD-46D5-8F1E-A0296FB518D2}.Release|Any CPU.Build.0 = Release|Any CPU
	EndGlobalSection
	GlobalSection(SolutionProperties) = preSolution
		HideSolutionNode = FALSE
	EndGlobalSection
	GlobalSection(ExtensibilityGlobals) = postSolution
		SolutionGuid = {FF89053D-1424-4DE5-B1DA-DF6DB099BA36}
	EndGlobalSection
EndGlobal
