
Microsoft Visual Studio Solution File, Format Version 12.00
# Visual Studio Version 17
VisualStudioVersion = 17.2.32516.85
MinimumVisualStudioVersion = 10.0.40219.1
Project("{FAE04EC0-301F-11D3-BF4B-00C04F79EFBC}") = "relational_comparision_operators", "relational_comparision_operators\relational_comparision_operators.csproj", "{D5732125-B072-435A-A2DA-BED44A2B420A}"
EndProject
Global
	GlobalSection(SolutionConfigurationPlatforms) = preSolution
		Debug|Any CPU = Debug|Any CPU
		Release|Any CPU = Release|Any CPU
	EndGlobalSection
	GlobalSection(ProjectConfigurationPlatforms) = postSolution
		{D5732125-B072-435A-A2DA-BED44A2B420A}.Debug|Any CPU.ActiveCfg = Debug|Any CPU
		{D5732125-B072-435A-A2DA-BED44A2B420A}.Debug|Any CPU.Build.0 = Debug|Any CPU
		{D5732125-B072-435A-A2DA-BED44A2B420A}.Release|Any CPU.ActiveCfg = Release|Any CPU
		{D5732125-B072-435A-A2DA-BED44A2B420A}.Release|Any CPU.Build.0 = Release|Any CPU
	EndGlobalSection
	GlobalSection(SolutionProperties) = preSolution
		HideSolutionNode = FALSE
	EndGlobalSection
	GlobalSection(ExtensibilityGlobals) = postSolution
		SolutionGuid = {18021711-D733-4F7E-BC78-0DCB9C80FE5E}
	EndGlobalSection
EndGlobal
