
Microsoft Visual Studio Solution File, Format Version 12.00
# Visual Studio Version 17
VisualStudioVersion = 17.2.32516.85
MinimumVisualStudioVersion = 10.0.40219.1
Project("{FAE04EC0-301F-11D3-BF4B-00C04F79EFBC}") = "readanother_xml_file_with_Csharp", "readanother_xml_file_with_Csharp\readanother_xml_file_with_Csharp.csproj", "{54B34430-53F7-4890-BA13-9AE31283F20A}"
EndProject
Global
	GlobalSection(SolutionConfigurationPlatforms) = preSolution
		Debug|Any CPU = Debug|Any CPU
		Release|Any CPU = Release|Any CPU
	EndGlobalSection
	GlobalSection(ProjectConfigurationPlatforms) = postSolution
		{54B34430-53F7-4890-BA13-9AE31283F20A}.Debug|Any CPU.ActiveCfg = Debug|Any CPU
		{54B34430-53F7-4890-BA13-9AE31283F20A}.Debug|Any CPU.Build.0 = Debug|Any CPU
		{54B34430-53F7-4890-BA13-9AE31283F20A}.Release|Any CPU.ActiveCfg = Release|Any CPU
		{54B34430-53F7-4890-BA13-9AE31283F20A}.Release|Any CPU.Build.0 = Release|Any CPU
	EndGlobalSection
	GlobalSection(SolutionProperties) = preSolution
		HideSolutionNode = FALSE
	EndGlobalSection
	GlobalSection(ExtensibilityGlobals) = postSolution
		SolutionGuid = {8B350F08-4EC3-4917-9B2A-21C74489C78D}
	EndGlobalSection
EndGlobal
