
Microsoft Visual Studio Solution File, Format Version 12.00
# Visual Studio Version 17
VisualStudioVersion = 17.1.32210.238
MinimumVisualStudioVersion = 10.0.40219.1
Project("{FAE04EC0-301F-11D3-BF4B-00C04F79EFBC}") = "Question 1 Assignment 4", "Question 1 Assignment 4\Question 1 Assignment 4.csproj", "{C8DE03E5-B39F-46D3-A394-48DDCF473AD8}"
EndProject
Global
	GlobalSection(SolutionConfigurationPlatforms) = preSolution
		Debug|Any CPU = Debug|Any CPU
		Release|Any CPU = Release|Any CPU
	EndGlobalSection
	GlobalSection(ProjectConfigurationPlatforms) = postSolution
		{C8DE03E5-B39F-46D3-A394-48DDCF473AD8}.Debug|Any CPU.ActiveCfg = Debug|Any CPU
		{C8DE03E5-B39F-46D3-A394-48DDCF473AD8}.Debug|Any CPU.Build.0 = Debug|Any CPU
		{C8DE03E5-B39F-46D3-A394-48DDCF473AD8}.Release|Any CPU.ActiveCfg = Release|Any CPU
		{C8DE03E5-B39F-46D3-A394-48DDCF473AD8}.Release|Any CPU.Build.0 = Release|Any CPU
	EndGlobalSection
	GlobalSection(SolutionProperties) = preSolution
		HideSolutionNode = FALSE
	EndGlobalSection
	GlobalSection(ExtensibilityGlobals) = postSolution
		SolutionGuid = {704EC5CA-1E04-40DB-A02E-F5CF797AB693}
	EndGlobalSection
EndGlobal
