
Microsoft Visual Studio Solution File, Format Version 12.00
# Visual Studio Version 17
VisualStudioVersion = 17.2.32516.85
MinimumVisualStudioVersion = 10.0.40219.1
Project("{FAE04EC0-301F-11D3-BF4B-00C04F79EFBC}") = "read_xml_file_using_xmltextreader_function", "read_xml_file_using_xmltextreader_function\read_xml_file_using_xmltextreader_function.csproj", "{89A4EF7E-A241-46F5-ABA4-4BF55CA0CC07}"
EndProject
Global
	GlobalSection(SolutionConfigurationPlatforms) = preSolution
		Debug|Any CPU = Debug|Any CPU
		Release|Any CPU = Release|Any CPU
	EndGlobalSection
	GlobalSection(ProjectConfigurationPlatforms) = postSolution
		{89A4EF7E-A241-46F5-ABA4-4BF55CA0CC07}.Debug|Any CPU.ActiveCfg = Debug|Any CPU
		{89A4EF7E-A241-46F5-ABA4-4BF55CA0CC07}.Debug|Any CPU.Build.0 = Debug|Any CPU
		{89A4EF7E-A241-46F5-ABA4-4BF55CA0CC07}.Release|Any CPU.ActiveCfg = Release|Any CPU
		{89A4EF7E-A241-46F5-ABA4-4BF55CA0CC07}.Release|Any CPU.Build.0 = Release|Any CPU
	EndGlobalSection
	GlobalSection(SolutionProperties) = preSolution
		HideSolutionNode = FALSE
	EndGlobalSection
	GlobalSection(ExtensibilityGlobals) = postSolution
		SolutionGuid = {0C58945B-A3A0-49E6-B2BB-B82C5F9CD0F5}
	EndGlobalSection
EndGlobal
