
Microsoft Visual Studio Solution File, Format Version 12.00
# Visual Studio Version 17
VisualStudioVersion = 17.2.32516.85
MinimumVisualStudioVersion = 10.0.40219.1
Project("{FAE04EC0-301F-11D3-BF4B-00C04F79EFBC}") = "sumthreevalues", "sumthreevalues\sumthreevalues.csproj", "{0097D2A0-F9D8-421D-A7CC-A630B0638528}"
EndProject
Global
	GlobalSection(SolutionConfigurationPlatforms) = preSolution
		Debug|Any CPU = Debug|Any CPU
		Release|Any CPU = Release|Any CPU
	EndGlobalSection
	GlobalSection(ProjectConfigurationPlatforms) = postSolution
		{0097D2A0-F9D8-421D-A7CC-A630B0638528}.Debug|Any CPU.ActiveCfg = Debug|Any CPU
		{0097D2A0-F9D8-421D-A7CC-A630B0638528}.Debug|Any CPU.Build.0 = Debug|Any CPU
		{0097D2A0-F9D8-421D-A7CC-A630B0638528}.Release|Any CPU.ActiveCfg = Release|Any CPU
		{0097D2A0-F9D8-421D-A7CC-A630B0638528}.Release|Any CPU.Build.0 = Release|Any CPU
	EndGlobalSection
	GlobalSection(SolutionProperties) = preSolution
		HideSolutionNode = FALSE
	EndGlobalSection
	GlobalSection(ExtensibilityGlobals) = postSolution
		SolutionGuid = {D6DA39FD-D48F-43FD-AC88-2A0DDC3B9710}
	EndGlobalSection
EndGlobal
