
Microsoft Visual Studio Solution File, Format Version 12.00
# Visual Studio 15
VisualStudioVersion = 15.0.27004.2002
MinimumVisualStudioVersion = 10.0.40219.1
Project("{FAE04EC0-301F-11D3-BF4B-00C04F79EFBC}") = "Functions in C Sharp", "Functions in C Sharp\Functions in C Sharp.csproj", "{55C27839-8128-4ED1-A696-A7A7C1F7B291}"
EndProject
Global
	GlobalSection(SolutionConfigurationPlatforms) = preSolution
		Debug|Any CPU = Debug|Any CPU
		Release|Any CPU = Release|Any CPU
	EndGlobalSection
	GlobalSection(ProjectConfigurationPlatforms) = postSolution
		{55C27839-8128-4ED1-A696-A7A7C1F7B291}.Debug|Any CPU.ActiveCfg = Debug|Any CPU
		{55C27839-8128-4ED1-A696-A7A7C1F7B291}.Debug|Any CPU.Build.0 = Debug|Any CPU
		{55C27839-8128-4ED1-A696-A7A7C1F7B291}.Release|Any CPU.ActiveCfg = Release|Any CPU
		{55C27839-8128-4ED1-A696-A7A7C1F7B291}.Release|Any CPU.Build.0 = Release|Any CPU
	EndGlobalSection
	GlobalSection(SolutionProperties) = preSolution
		HideSolutionNode = FALSE
	EndGlobalSection
	GlobalSection(ExtensibilityGlobals) = postSolution
		SolutionGuid = {3750BB7B-EF8D-47AA-A50A-CD52A0627ED4}
	EndGlobalSection
EndGlobal
