
Microsoft Visual Studio Solution File, Format Version 12.00
# Visual Studio Version 17
VisualStudioVersion = 17.1.32210.238
MinimumVisualStudioVersion = 10.0.40219.1
Project("{FAE04EC0-301F-11D3-BF4B-00C04F79EFBC}") = "For Loop in C Sharp", "For Loop in C Sharp\For Loop in C Sharp.csproj", "{7C45AC2C-C9A9-4294-A6FB-BB195450240D}"
EndProject
Global
	GlobalSection(SolutionConfigurationPlatforms) = preSolution
		Debug|Any CPU = Debug|Any CPU
		Release|Any CPU = Release|Any CPU
	EndGlobalSection
	GlobalSection(ProjectConfigurationPlatforms) = postSolution
		{7C45AC2C-C9A9-4294-A6FB-BB195450240D}.Debug|Any CPU.ActiveCfg = Debug|Any CPU
		{7C45AC2C-C9A9-4294-A6FB-BB195450240D}.Debug|Any CPU.Build.0 = Debug|Any CPU
		{7C45AC2C-C9A9-4294-A6FB-BB195450240D}.Release|Any CPU.ActiveCfg = Release|Any CPU
		{7C45AC2C-C9A9-4294-A6FB-BB195450240D}.Release|Any CPU.Build.0 = Release|Any CPU
	EndGlobalSection
	GlobalSection(SolutionProperties) = preSolution
		HideSolutionNode = FALSE
	EndGlobalSection
	GlobalSection(ExtensibilityGlobals) = postSolution
		SolutionGuid = {073715EF-9FC4-4D51-8645-B198D6C98F43}
	EndGlobalSection
EndGlobal
