
Microsoft Visual Studio Solution File, Format Version 12.00
# Visual Studio Version 17
VisualStudioVersion = 17.1.32210.238
MinimumVisualStudioVersion = 10.0.40219.1
Project("{FAE04EC0-301F-11D3-BF4B-00C04F79EFBC}") = "Invoked base class constructor book pg 226", "Invoked base class constructor book pg 226\Invoked base class constructor book pg 226.csproj", "{1453716E-3371-414C-B925-5E9A4B9FAB84}"
EndProject
Global
	GlobalSection(SolutionConfigurationPlatforms) = preSolution
		Debug|Any CPU = Debug|Any CPU
		Release|Any CPU = Release|Any CPU
	EndGlobalSection
	GlobalSection(ProjectConfigurationPlatforms) = postSolution
		{1453716E-3371-414C-B925-5E9A4B9FAB84}.Debug|Any CPU.ActiveCfg = Debug|Any CPU
		{1453716E-3371-414C-B925-5E9A4B9FAB84}.Debug|Any CPU.Build.0 = Debug|Any CPU
		{1453716E-3371-414C-B925-5E9A4B9FAB84}.Release|Any CPU.ActiveCfg = Release|Any CPU
		{1453716E-3371-414C-B925-5E9A4B9FAB84}.Release|Any CPU.Build.0 = Release|Any CPU
	EndGlobalSection
	GlobalSection(SolutionProperties) = preSolution
		HideSolutionNode = FALSE
	EndGlobalSection
	GlobalSection(ExtensibilityGlobals) = postSolution
		SolutionGuid = {CEC05194-5A27-41DE-94B6-81D12E0C66E0}
	EndGlobalSection
EndGlobal
