
Microsoft Visual Studio Solution File, Format Version 12.00
# Visual Studio Version 17
VisualStudioVersion = 17.1.32210.238
MinimumVisualStudioVersion = 10.0.40219.1
Project("{FAE04EC0-301F-11D3-BF4B-00C04F79EFBC}") = "C Sharp Task", "C Sharp Task\C Sharp Task.csproj", "{39FF2735-EF7C-479E-AC97-895BF851F56D}"
EndProject
Global
	GlobalSection(SolutionConfigurationPlatforms) = preSolution
		Debug|Any CPU = Debug|Any CPU
		Release|Any CPU = Release|Any CPU
	EndGlobalSection
	GlobalSection(ProjectConfigurationPlatforms) = postSolution
		{39FF2735-EF7C-479E-AC97-895BF851F56D}.Debug|Any CPU.ActiveCfg = Debug|Any CPU
		{39FF2735-EF7C-479E-AC97-895BF851F56D}.Debug|Any CPU.Build.0 = Debug|Any CPU
		{39FF2735-EF7C-479E-AC97-895BF851F56D}.Release|Any CPU.ActiveCfg = Release|Any CPU
		{39FF2735-EF7C-479E-AC97-895BF851F56D}.Release|Any CPU.Build.0 = Release|Any CPU
	EndGlobalSection
	GlobalSection(SolutionProperties) = preSolution
		HideSolutionNode = FALSE
	EndGlobalSection
	GlobalSection(ExtensibilityGlobals) = postSolution
		SolutionGuid = {10CD0D56-F649-4424-A9DF-6C6946673A2D}
	EndGlobalSection
EndGlobal
