
Microsoft Visual Studio Solution File, Format Version 12.00
# Visual Studio Version 17
VisualStudioVersion = 17.2.32516.85
MinimumVisualStudioVersion = 10.0.40219.1
Project("{FAE04EC0-301F-11D3-BF4B-00C04F79EFBC}") = "constant_variable_in_csharp", "constant_variable_in_csharp\constant_variable_in_csharp.csproj", "{F585C926-B6A3-4602-813D-1FEF628C596B}"
EndProject
Global
	GlobalSection(SolutionConfigurationPlatforms) = preSolution
		Debug|Any CPU = Debug|Any CPU
		Release|Any CPU = Release|Any CPU
	EndGlobalSection
	GlobalSection(ProjectConfigurationPlatforms) = postSolution
		{F585C926-B6A3-4602-813D-1FEF628C596B}.Debug|Any CPU.ActiveCfg = Debug|Any CPU
		{F585C926-B6A3-4602-813D-1FEF628C596B}.Debug|Any CPU.Build.0 = Debug|Any CPU
		{F585C926-B6A3-4602-813D-1FEF628C596B}.Release|Any CPU.ActiveCfg = Release|Any CPU
		{F585C926-B6A3-4602-813D-1FEF628C596B}.Release|Any CPU.Build.0 = Release|Any CPU
	EndGlobalSection
	GlobalSection(SolutionProperties) = preSolution
		HideSolutionNode = FALSE
	EndGlobalSection
	GlobalSection(ExtensibilityGlobals) = postSolution
		SolutionGuid = {D2226633-E255-4C4E-B64C-5F36374D110A}
	EndGlobalSection
EndGlobal
