
Microsoft Visual Studio Solution File, Format Version 12.00
# Visual Studio Version 17
VisualStudioVersion = 17.2.32516.85
MinimumVisualStudioVersion = 10.0.40219.1
Project("{FAE04EC0-301F-11D3-BF4B-00C04F79EFBC}") = "data_types_in_CSharp", "data_types_in_CSharp\data_types_in_CSharp.csproj", "{261D9DA1-FCA7-487F-8545-C653EAE85FB8}"
EndProject
Global
	GlobalSection(SolutionConfigurationPlatforms) = preSolution
		Debug|Any CPU = Debug|Any CPU
		Release|Any CPU = Release|Any CPU
	EndGlobalSection
	GlobalSection(ProjectConfigurationPlatforms) = postSolution
		{261D9DA1-FCA7-487F-8545-C653EAE85FB8}.Debug|Any CPU.ActiveCfg = Debug|Any CPU
		{261D9DA1-FCA7-487F-8545-C653EAE85FB8}.Debug|Any CPU.Build.0 = Debug|Any CPU
		{261D9DA1-FCA7-487F-8545-C653EAE85FB8}.Release|Any CPU.ActiveCfg = Release|Any CPU
		{261D9DA1-FCA7-487F-8545-C653EAE85FB8}.Release|Any CPU.Build.0 = Release|Any CPU
	EndGlobalSection
	GlobalSection(SolutionProperties) = preSolution
		HideSolutionNode = FALSE
	EndGlobalSection
	GlobalSection(ExtensibilityGlobals) = postSolution
		SolutionGuid = {AA99782E-6FC6-44F7-8904-0785A2858348}
	EndGlobalSection
EndGlobal
