
Microsoft Visual Studio Solution File, Format Version 12.00
# Visual Studio Version 17
VisualStudioVersion = 17.1.32210.238
MinimumVisualStudioVersion = 10.0.40219.1
Project("{FAE04EC0-301F-11D3-BF4B-00C04F79EFBC}") = "Task 2 using Selection Statements", "Task 2 using Selection Statements\Task 2 using Selection Statements.csproj", "{BD294857-D671-4762-BA23-E09A3C79D38D}"
EndProject
Global
	GlobalSection(SolutionConfigurationPlatforms) = preSolution
		Debug|Any CPU = Debug|Any CPU
		Release|Any CPU = Release|Any CPU
	EndGlobalSection
	GlobalSection(ProjectConfigurationPlatforms) = postSolution
		{BD294857-D671-4762-BA23-E09A3C79D38D}.Debug|Any CPU.ActiveCfg = Debug|Any CPU
		{BD294857-D671-4762-BA23-E09A3C79D38D}.Debug|Any CPU.Build.0 = Debug|Any CPU
		{BD294857-D671-4762-BA23-E09A3C79D38D}.Release|Any CPU.ActiveCfg = Release|Any CPU
		{BD294857-D671-4762-BA23-E09A3C79D38D}.Release|Any CPU.Build.0 = Release|Any CPU
	EndGlobalSection
	GlobalSection(SolutionProperties) = preSolution
		HideSolutionNode = FALSE
	EndGlobalSection
	GlobalSection(ExtensibilityGlobals) = postSolution
		SolutionGuid = {561D2850-9565-4D4D-A579-2C77F8909573}
	EndGlobalSection
EndGlobal
