
Microsoft Visual Studio Solution File, Format Version 12.00
# Visual Studio Version 17
VisualStudioVersion = 17.1.32210.238
MinimumVisualStudioVersion = 10.0.40219.1
Project("{FAE04EC0-301F-11D3-BF4B-00C04F79EFBC}") = "Assignment of C Sharp", "Assignment of C Sharp\Assignment of C Sharp.csproj", "{2FFBA932-8182-4D7E-B86F-36DAE8B83260}"
EndProject
Global
	GlobalSection(SolutionConfigurationPlatforms) = preSolution
		Debug|Any CPU = Debug|Any CPU
		Release|Any CPU = Release|Any CPU
	EndGlobalSection
	GlobalSection(ProjectConfigurationPlatforms) = postSolution
		{2FFBA932-8182-4D7E-B86F-36DAE8B83260}.Debug|Any CPU.ActiveCfg = Debug|Any CPU
		{2FFBA932-8182-4D7E-B86F-36DAE8B83260}.Debug|Any CPU.Build.0 = Debug|Any CPU
		{2FFBA932-8182-4D7E-B86F-36DAE8B83260}.Release|Any CPU.ActiveCfg = Release|Any CPU
		{2FFBA932-8182-4D7E-B86F-36DAE8B83260}.Release|Any CPU.Build.0 = Release|Any CPU
	EndGlobalSection
	GlobalSection(SolutionProperties) = preSolution
		HideSolutionNode = FALSE
	EndGlobalSection
	GlobalSection(ExtensibilityGlobals) = postSolution
		SolutionGuid = {4F5739BD-50C7-4AA3-9DEA-6D2E4F4BE5EC}
	EndGlobalSection
EndGlobal
