
Microsoft Visual Studio Solution File, Format Version 12.00
# Visual Studio Version 17
VisualStudioVersion = 17.1.32210.238
MinimumVisualStudioVersion = 10.0.40219.1
Project("{FAE04EC0-301F-11D3-BF4B-00C04F79EFBC}") = "Calculator using Switch Case in C Sharp", "Calculator using Switch Case in C Sharp\Calculator using Switch Case in C Sharp.csproj", "{C19CA39D-677C-4C40-AD6F-9E8431A0A459}"
EndProject
Global
	GlobalSection(SolutionConfigurationPlatforms) = preSolution
		Debug|Any CPU = Debug|Any CPU
		Release|Any CPU = Release|Any CPU
	EndGlobalSection
	GlobalSection(ProjectConfigurationPlatforms) = postSolution
		{C19CA39D-677C-4C40-AD6F-9E8431A0A459}.Debug|Any CPU.ActiveCfg = Debug|Any CPU
		{C19CA39D-677C-4C40-AD6F-9E8431A0A459}.Debug|Any CPU.Build.0 = Debug|Any CPU
		{C19CA39D-677C-4C40-AD6F-9E8431A0A459}.Release|Any CPU.ActiveCfg = Release|Any CPU
		{C19CA39D-677C-4C40-AD6F-9E8431A0A459}.Release|Any CPU.Build.0 = Release|Any CPU
	EndGlobalSection
	GlobalSection(SolutionProperties) = preSolution
		HideSolutionNode = FALSE
	EndGlobalSection
	GlobalSection(ExtensibilityGlobals) = postSolution
		SolutionGuid = {2FC96CFF-5E05-4798-9E4F-3F56AEFD581A}
	EndGlobalSection
EndGlobal
